
Microsoft Visual Studio Solution File, Format Version 12.00
# Visual Studio 15
VisualStudioVersion = 15.0.26730.3
MinimumVisualStudioVersion = 10.0.40219.1
Project("{FAE04EC0-301F-11D3-BF4B-00C04F79EFBC}") = "ReverseStringInArrayClassLibrary", "ReverseStringInArrayClassLibrary\ReverseStringInArrayClassLibrary.csproj", "{2A5874D8-D3AB-4E34-855D-C3C39644CF3C}"
EndProject
Global
	GlobalSection(SolutionConfigurationPlatforms) = preSolution
		Debug|Any CPU = Debug|Any CPU
		Release|Any CPU = Release|Any CPU
	EndGlobalSection
	GlobalSection(ProjectConfigurationPlatforms) = postSolution
		{2A5874D8-D3AB-4E34-855D-C3C39644CF3C}.Debug|Any CPU.ActiveCfg = Debug|Any CPU
		{2A5874D8-D3AB-4E34-855D-C3C39644CF3C}.Debug|Any CPU.Build.0 = Debug|Any CPU
		{2A5874D8-D3AB-4E34-855D-C3C39644CF3C}.Release|Any CPU.ActiveCfg = Release|Any CPU
		{2A5874D8-D3AB-4E34-855D-C3C39644CF3C}.Release|Any CPU.Build.0 = Release|Any CPU
	EndGlobalSection
	GlobalSection(SolutionProperties) = preSolution
		HideSolutionNode = FALSE
	EndGlobalSection
	GlobalSection(ExtensibilityGlobals) = postSolution
		SolutionGuid = {B81C99BB-E405-425B-8C1B-C5CD07295E94}
	EndGlobalSection
EndGlobal
